version = 1
revision = 2
requires-python = ">=3.12"

[[package]]
name = "annotated-types"
version = "0.7.0"
source = { registry = "https://pypi.org/simple" }
sdist = { url = "https://files.pythonhosted.org/packages/ee/67/531ea369ba64dcff5ec9c3402f9f51bf748cec26dde048a2f973a4eea7f5/annotated_types-0.7.0.tar.gz", hash = "sha256:aff07c09a53a08bc8cfccb9c85b05f1aa9a2a6f23728d790723543408344ce89", size = 16081, upload-time = "2024-05-20T21:33:25.928Z" }
wheels = [
    { url = "https://files.pythonhosted.org/packages/78/b6/6307fbef88d9b5ee7421e68d78a9f162e0da4900bc5f5793f6d3d0e34fb8/annotated_types-0.7.0-py3-none-any.whl", hash = "sha256:1f02e8b43a8fbbc3f3e0d4f0f4bfc8131bcb4eebe8849b8e5c773f3a1c582a53", size = 13643, upload-time = "2024-05-20T21:33:24.1Z" },
]

[[package]]
name = "anyio"
version = "4.9.0"
source = { registry = "https://pypi.org/simple" }
dependencies = [
    { name = "idna" },
    { name = "sniffio" },
    { name = "typing-extensions", marker = "python_full_version < '3.13'" },
]
sdist = { url = "https://files.pythonhosted.org/packages/95/7d/4c1bd541d4dffa1b52bd83fb8527089e097a106fc90b467a7313b105f840/anyio-4.9.0.tar.gz", hash = "sha256:673c0c244e15788651a4ff38710fea9675823028a6f08a5eda409e0c9840a028", size = 190949, upload-time = "2025-03-17T00:02:54.77Z" }
wheels = [
    { url = "https://files.pythonhosted.org/packages/a1/ee/48ca1a7c89ffec8b6a0c5d02b89c305671d5ffd8d3c94acf8b8c408575bb/anyio-4.9.0-py3-none-any.whl", hash = "sha256:9f76d541cad6e36af7beb62e978876f3b41e3e04f2c1fbf0884604c0a9c4d93c", size = 100916, upload-time = "2025-03-17T00:02:52.713Z" },
]

[[package]]
name = "certifi"
version = "2025.4.26"
source = { registry = "https://pypi.org/simple" }
sdist = { url = "https://files.pythonhosted.org/packages/e8/9e/c05b3920a3b7d20d3d3310465f50348e5b3694f4f88c6daf736eef3024c4/certifi-2025.4.26.tar.gz", hash = "sha256:0a816057ea3cdefcef70270d2c515e4506bbc954f417fa5ade2021213bb8f0c6", size = 160705, upload-time = "2025-04-26T02:12:29.51Z" }
wheels = [
    { url = "https://files.pythonhosted.org/packages/4a/7e/3db2bd1b1f9e95f7cddca6d6e75e2f2bd9f51b1246e546d88addca0106bd/certifi-2025.4.26-py3-none-any.whl", hash = "sha256:30350364dfe371162649852c63336a15c70c6510c2ad5015b21c2345311805f3", size = 159618, upload-time = "2025-04-26T02:12:27.662Z" },
]

[[package]]
name = "codelib"
version = "0.1.0"
source = { virtual = "." }
dependencies = [
    { name = "httpx" },
    { name = "pydantic" },
    { name = "tree-sitter" },
    { name = "tree-sitter-language-pack" },
]

[package.metadata]
requires-dist = [
    { name = "httpx", specifier = ">=0.28.1" },
    { name = "pydantic", specifier = ">=2.11.4" },
    { name = "tree-sitter", specifier = ">=0.24.0" },
    { name = "tree-sitter-language-pack", specifier = ">=0.7.3" },
]

[[package]]
name = "h11"
version = "0.16.0"
source = { registry = "https://pypi.org/simple" }
sdist = { url = "https://files.pythonhosted.org/packages/01/ee/02a2c011bdab74c6fb3c75474d40b3052059d95df7e73351460c8588d963/h11-0.16.0.tar.gz", hash = "sha256:4e35b956cf45792e4caa5885e69fba00bdbc6ffafbfa020300e549b208ee5ff1", size = 101250, upload-time = "2025-04-24T03:35:25.427Z" }
wheels = [
    { url = "https://files.pythonhosted.org/packages/04/4b/29cac41a4d98d144bf5f6d33995617b185d14b22401f75ca86f384e87ff1/h11-0.16.0-py3-none-any.whl", hash = "sha256:63cf8bbe7522de3bf65932fda1d9c2772064ffb3dae62d55932da54b31cb6c86", size = 37515, upload-time = "2025-04-24T03:35:24.344Z" },
]

[[package]]
name = "httpcore"
version = "1.0.9"
source = { registry = "https://pypi.org/simple" }
dependencies = [
    { name = "certifi" },
    { name = "h11" },
]
sdist = { url = "https://files.pythonhosted.org/packages/06/94/82699a10bca87a5556c9c59b5963f2d039dbd239f25bc2a63907a05a14cb/httpcore-1.0.9.tar.gz", hash = "sha256:6e34463af53fd2ab5d807f399a9b45ea31c3dfa2276f15a2c3f00afff6e176e8", size = 85484, upload-time = "2025-04-24T22:06:22.219Z" }
wheels = [
    { url = "https://files.pythonhosted.org/packages/7e/f5/f66802a942d491edb555dd61e3a9961140fd64c90bce1eafd741609d334d/httpcore-1.0.9-py3-none-any.whl", hash = "sha256:2d400746a40668fc9dec9810239072b40b4484b640a8c38fd654a024c7a1bf55", size = 78784, upload-time = "2025-04-24T22:06:20.566Z" },
]

[[package]]
name = "httpx"
version = "0.28.1"
source = { registry = "https://pypi.org/simple" }
dependencies = [
    { name = "anyio" },
    { name = "certifi" },
    { name = "httpcore" },
    { name = "idna" },
]
sdist = { url = "https://files.pythonhosted.org/packages/b1/df/48c586a5fe32a0f01324ee087459e112ebb7224f646c0b5023f5e79e9956/httpx-0.28.1.tar.gz", hash = "sha256:75e98c5f16b0f35b567856f597f06ff2270a374470a5c2392242528e3e3e42fc", size = 141406, upload-time = "2024-12-06T15:37:23.222Z" }
wheels = [
    { url = "https://files.pythonhosted.org/packages/2a/39/e50c7c3a983047577ee07d2a9e53faf5a69493943ec3f6a384bdc792deb2/httpx-0.28.1-py3-none-any.whl", hash = "sha256:d909fcccc110f8c7faf814ca82a9a4d816bc5a6dbfea25d6591d6985b8ba59ad", size = 73517, upload-time = "2024-12-06T15:37:21.509Z" },
]

[[package]]
name = "idna"
version = "3.10"
source = { registry = "https://pypi.org/simple" }
sdist = { url = "https://files.pythonhosted.org/packages/f1/70/7703c29685631f5a7590aa73f1f1d3fa9a380e654b86af429e0934a32f7d/idna-3.10.tar.gz", hash = "sha256:12f65c9b470abda6dc35cf8e63cc574b1c52b11df2c86030af0ac09b01b13ea9", size = 190490, upload-time = "2024-09-15T18:07:39.745Z" }
wheels = [
    { url = "https://files.pythonhosted.org/packages/76/c6/c88e154df9c4e1a2a66ccf0005a88dfb2650c1dffb6f5ce603dfbd452ce3/idna-3.10-py3-none-any.whl", hash = "sha256:946d195a0d259cbba61165e88e65941f16e9b36ea6ddb97f00452bae8b1287d3", size = 70442, upload-time = "2024-09-15T18:07:37.964Z" },
]

[[package]]
name = "pydantic"
version = "2.11.4"
source = { registry = "https://pypi.org/simple" }
dependencies = [
    { name = "annotated-types" },
    { name = "pydantic-core" },
    { name = "typing-extensions" },
    { name = "typing-inspection" },
]
sdist = { url = "https://files.pythonhosted.org/packages/77/ab/5250d56ad03884ab5efd07f734203943c8a8ab40d551e208af81d0257bf2/pydantic-2.11.4.tar.gz", hash = "sha256:32738d19d63a226a52eed76645a98ee07c1f410ee41d93b4afbfa85ed8111c2d", size = 786540, upload-time = "2025-04-29T20:38:55.02Z" }
wheels = [
    { url = "https://files.pythonhosted.org/packages/e7/12/46b65f3534d099349e38ef6ec98b1a5a81f42536d17e0ba382c28c67ba67/pydantic-2.11.4-py3-none-any.whl", hash = "sha256:d9615eaa9ac5a063471da949c8fc16376a84afb5024688b3ff885693506764eb", size = 443900, upload-time = "2025-04-29T20:38:52.724Z" },
]

[[package]]
name = "pydantic-core"
version = "2.33.2"
source = { registry = "https://pypi.org/simple" }
dependencies = [
    { name = "typing-extensions" },
]
sdist = { url = "https://files.pythonhosted.org/packages/ad/88/5f2260bdfae97aabf98f1778d43f69574390ad787afb646292a638c923d4/pydantic_core-2.33.2.tar.gz", hash = "sha256:7cb8bc3605c29176e1b105350d2e6474142d7c1bd1d9327c4a9bdb46bf827acc", size = 435195, upload-time = "2025-04-23T18:33:52.104Z" }
wheels = [
    { url = "https://files.pythonhosted.org/packages/18/8a/2b41c97f554ec8c71f2a8a5f85cb56a8b0956addfe8b0efb5b3d77e8bdc3/pydantic_core-2.33.2-cp312-cp312-macosx_10_12_x86_64.whl", hash = "sha256:a7ec89dc587667f22b6a0b6579c249fca9026ce7c333fc142ba42411fa243cdc", size = 2009000, upload-time = "2025-04-23T18:31:25.863Z" },
    { url = "https://files.pythonhosted.org/packages/a1/02/6224312aacb3c8ecbaa959897af57181fb6cf3a3d7917fd44d0f2917e6f2/pydantic_core-2.33.2-cp312-cp312-macosx_11_0_arm64.whl", hash = "sha256:3c6db6e52c6d70aa0d00d45cdb9b40f0433b96380071ea80b09277dba021ddf7", size = 1847996, upload-time = "2025-04-23T18:31:27.341Z" },
    { url = "https://files.pythonhosted.org/packages/d6/46/6dcdf084a523dbe0a0be59d054734b86a981726f221f4562aed313dbcb49/pydantic_core-2.33.2-cp312-cp312-manylinux_2_17_aarch64.manylinux2014_aarch64.whl", hash = "sha256:4e61206137cbc65e6d5256e1166f88331d3b6238e082d9f74613b9b765fb9025", size = 1880957, upload-time = "2025-04-23T18:31:28.956Z" },
    { url = "https://files.pythonhosted.org/packages/ec/6b/1ec2c03837ac00886ba8160ce041ce4e325b41d06a034adbef11339ae422/pydantic_core-2.33.2-cp312-cp312-manylinux_2_17_armv7l.manylinux2014_armv7l.whl", hash = "sha256:eb8c529b2819c37140eb51b914153063d27ed88e3bdc31b71198a198e921e011", size = 1964199, upload-time = "2025-04-23T18:31:31.025Z" },
    { url = "https://files.pythonhosted.org/packages/2d/1d/6bf34d6adb9debd9136bd197ca72642203ce9aaaa85cfcbfcf20f9696e83/pydantic_core-2.33.2-cp312-cp312-manylinux_2_17_ppc64le.manylinux2014_ppc64le.whl", hash = "sha256:c52b02ad8b4e2cf14ca7b3d918f3eb0ee91e63b3167c32591e57c4317e134f8f", size = 2120296, upload-time = "2025-04-23T18:31:32.514Z" },
    { url = "https://files.pythonhosted.org/packages/e0/94/2bd0aaf5a591e974b32a9f7123f16637776c304471a0ab33cf263cf5591a/pydantic_core-2.33.2-cp312-cp312-manylinux_2_17_s390x.manylinux2014_s390x.whl", hash = "sha256:96081f1605125ba0855dfda83f6f3df5ec90c61195421ba72223de35ccfb2f88", size = 2676109, upload-time = "2025-04-23T18:31:33.958Z" },
    { url = "https://files.pythonhosted.org/packages/f9/41/4b043778cf9c4285d59742281a769eac371b9e47e35f98ad321349cc5d61/pydantic_core-2.33.2-cp312-cp312-manylinux_2_17_x86_64.manylinux2014_x86_64.whl", hash = "sha256:8f57a69461af2a5fa6e6bbd7a5f60d3b7e6cebb687f55106933188e79ad155c1", size = 2002028, upload-time = "2025-04-23T18:31:39.095Z" },
    { url = "https://files.pythonhosted.org/packages/cb/d5/7bb781bf2748ce3d03af04d5c969fa1308880e1dca35a9bd94e1a96a922e/pydantic_core-2.33.2-cp312-cp312-manylinux_2_5_i686.manylinux1_i686.whl", hash = "sha256:572c7e6c8bb4774d2ac88929e3d1f12bc45714ae5ee6d9a788a9fb35e60bb04b", size = 2100044, upload-time = "2025-04-23T18:31:41.034Z" },
    { url = "https://files.pythonhosted.org/packages/fe/36/def5e53e1eb0ad896785702a5bbfd25eed546cdcf4087ad285021a90ed53/pydantic_core-2.33.2-cp312-cp312-musllinux_1_1_aarch64.whl", hash = "sha256:db4b41f9bd95fbe5acd76d89920336ba96f03e149097365afe1cb092fceb89a1", size = 2058881, upload-time = "2025-04-23T18:31:42.757Z" },
    { url = "https://files.pythonhosted.org/packages/01/6c/57f8d70b2ee57fc3dc8b9610315949837fa8c11d86927b9bb044f8705419/pydantic_core-2.33.2-cp312-cp312-musllinux_1_1_armv7l.whl", hash = "sha256:fa854f5cf7e33842a892e5c73f45327760bc7bc516339fda888c75ae60edaeb6", size = 2227034, upload-time = "2025-04-23T18:31:44.304Z" },
    { url = "https://files.pythonhosted.org/packages/27/b9/9c17f0396a82b3d5cbea4c24d742083422639e7bb1d5bf600e12cb176a13/pydantic_core-2.33.2-cp312-cp312-musllinux_1_1_x86_64.whl", hash = "sha256:5f483cfb75ff703095c59e365360cb73e00185e01aaea067cd19acffd2ab20ea", size = 2234187, upload-time = "2025-04-23T18:31:45.891Z" },
    { url = "https://files.pythonhosted.org/packages/b0/6a/adf5734ffd52bf86d865093ad70b2ce543415e0e356f6cacabbc0d9ad910/pydantic_core-2.33.2-cp312-cp312-win32.whl", hash = "sha256:9cb1da0f5a471435a7bc7e439b8a728e8b61e59784b2af70d7c169f8dd8ae290", size = 1892628, upload-time = "2025-04-23T18:31:47.819Z" },
    { url = "https://files.pythonhosted.org/packages/43/e4/5479fecb3606c1368d496a825d8411e126133c41224c1e7238be58b87d7e/pydantic_core-2.33.2-cp312-cp312-win_amd64.whl", hash = "sha256:f941635f2a3d96b2973e867144fde513665c87f13fe0e193c158ac51bfaaa7b2", size = 1955866, upload-time = "2025-04-23T18:31:49.635Z" },
    { url = "https://files.pythonhosted.org/packages/0d/24/8b11e8b3e2be9dd82df4b11408a67c61bb4dc4f8e11b5b0fc888b38118b5/pydantic_core-2.33.2-cp312-cp312-win_arm64.whl", hash = "sha256:cca3868ddfaccfbc4bfb1d608e2ccaaebe0ae628e1416aeb9c4d88c001bb45ab", size = 1888894, upload-time = "2025-04-23T18:31:51.609Z" },
    { url = "https://files.pythonhosted.org/packages/46/8c/99040727b41f56616573a28771b1bfa08a3d3fe74d3d513f01251f79f172/pydantic_core-2.33.2-cp313-cp313-macosx_10_12_x86_64.whl", hash = "sha256:1082dd3e2d7109ad8b7da48e1d4710c8d06c253cbc4a27c1cff4fbcaa97a9e3f", size = 2015688, upload-time = "2025-04-23T18:31:53.175Z" },
    { url = "https://files.pythonhosted.org/packages/3a/cc/5999d1eb705a6cefc31f0b4a90e9f7fc400539b1a1030529700cc1b51838/pydantic_core-2.33.2-cp313-cp313-macosx_11_0_arm64.whl", hash = "sha256:f517ca031dfc037a9c07e748cefd8d96235088b83b4f4ba8939105d20fa1dcd6", size = 1844808, upload-time = "2025-04-23T18:31:54.79Z" },
    { url = "https://files.pythonhosted.org/packages/6f/5e/a0a7b8885c98889a18b6e376f344da1ef323d270b44edf8174d6bce4d622/pydantic_core-2.33.2-cp313-cp313-manylinux_2_17_aarch64.manylinux2014_aarch64.whl", hash = "sha256:0a9f2c9dd19656823cb8250b0724ee9c60a82f3cdf68a080979d13092a3b0fef", size = 1885580, upload-time = "2025-04-23T18:31:57.393Z" },
    { url = "https://files.pythonhosted.org/packages/3b/2a/953581f343c7d11a304581156618c3f592435523dd9d79865903272c256a/pydantic_core-2.33.2-cp313-cp313-manylinux_2_17_armv7l.manylinux2014_armv7l.whl", hash = "sha256:2b0a451c263b01acebe51895bfb0e1cc842a5c666efe06cdf13846c7418caa9a", size = 1973859, upload-time = "2025-04-23T18:31:59.065Z" },
    { url = "https://files.pythonhosted.org/packages/e6/55/f1a813904771c03a3f97f676c62cca0c0a4138654107c1b61f19c644868b/pydantic_core-2.33.2-cp313-cp313-manylinux_2_17_ppc64le.manylinux2014_ppc64le.whl", hash = "sha256:1ea40a64d23faa25e62a70ad163571c0b342b8bf66d5fa612ac0dec4f069d916", size = 2120810, upload-time = "2025-04-23T18:32:00.78Z" },
    { url = "https://files.pythonhosted.org/packages/aa/c3/053389835a996e18853ba107a63caae0b9deb4a276c6b472931ea9ae6e48/pydantic_core-2.33.2-cp313-cp313-manylinux_2_17_s390x.manylinux2014_s390x.whl", hash = "sha256:0fb2d542b4d66f9470e8065c5469ec676978d625a8b7a363f07d9a501a9cb36a", size = 2676498, upload-time = "2025-04-23T18:32:02.418Z" },
    { url = "https://files.pythonhosted.org/packages/eb/3c/f4abd740877a35abade05e437245b192f9d0ffb48bbbbd708df33d3cda37/pydantic_core-2.33.2-cp313-cp313-manylinux_2_17_x86_64.manylinux2014_x86_64.whl", hash = "sha256:9fdac5d6ffa1b5a83bca06ffe7583f5576555e6c8b3a91fbd25ea7780f825f7d", size = 2000611, upload-time = "2025-04-23T18:32:04.152Z" },
    { url = "https://files.pythonhosted.org/packages/59/a7/63ef2fed1837d1121a894d0ce88439fe3e3b3e48c7543b2a4479eb99c2bd/pydantic_core-2.33.2-cp313-cp313-manylinux_2_5_i686.manylinux1_i686.whl", hash = "sha256:04a1a413977ab517154eebb2d326da71638271477d6ad87a769102f7c2488c56", size = 2107924, upload-time = "2025-04-23T18:32:06.129Z" },
    { url = "https://files.pythonhosted.org/packages/04/8f/2551964ef045669801675f1cfc3b0d74147f4901c3ffa42be2ddb1f0efc4/pydantic_core-2.33.2-cp313-cp313-musllinux_1_1_aarch64.whl", hash = "sha256:c8e7af2f4e0194c22b5b37205bfb293d166a7344a5b0d0eaccebc376546d77d5", size = 2063196, upload-time = "2025-04-23T18:32:08.178Z" },
    { url = "https://files.pythonhosted.org/packages/26/bd/d9602777e77fc6dbb0c7db9ad356e9a985825547dce5ad1d30ee04903918/pydantic_core-2.33.2-cp313-cp313-musllinux_1_1_armv7l.whl", hash = "sha256:5c92edd15cd58b3c2d34873597a1e20f13094f59cf88068adb18947df5455b4e", size = 2236389, upload-time = "2025-04-23T18:32:10.242Z" },
    { url = "https://files.pythonhosted.org/packages/42/db/0e950daa7e2230423ab342ae918a794964b053bec24ba8af013fc7c94846/pydantic_core-2.33.2-cp313-cp313-musllinux_1_1_x86_64.whl", hash = "sha256:65132b7b4a1c0beded5e057324b7e16e10910c106d43675d9bd87d4f38dde162", size = 2239223, upload-time = "2025-04-23T18:32:12.382Z" },
    { url = "https://files.pythonhosted.org/packages/58/4d/4f937099c545a8a17eb52cb67fe0447fd9a373b348ccfa9a87f141eeb00f/pydantic_core-2.33.2-cp313-cp313-win32.whl", hash = "sha256:52fb90784e0a242bb96ec53f42196a17278855b0f31ac7c3cc6f5c1ec4811849", size = 1900473, upload-time = "2025-04-23T18:32:14.034Z" },
    { url = "https://files.pythonhosted.org/packages/a0/75/4a0a9bac998d78d889def5e4ef2b065acba8cae8c93696906c3a91f310ca/pydantic_core-2.33.2-cp313-cp313-win_amd64.whl", hash = "sha256:c083a3bdd5a93dfe480f1125926afcdbf2917ae714bdb80b36d34318b2bec5d9", size = 1955269, upload-time = "2025-04-23T18:32:15.783Z" },
    { url = "https://files.pythonhosted.org/packages/f9/86/1beda0576969592f1497b4ce8e7bc8cbdf614c352426271b1b10d5f0aa64/pydantic_core-2.33.2-cp313-cp313-win_arm64.whl", hash = "sha256:e80b087132752f6b3d714f041ccf74403799d3b23a72722ea2e6ba2e892555b9", size = 1893921, upload-time = "2025-04-23T18:32:18.473Z" },
    { url = "https://files.pythonhosted.org/packages/a4/7d/e09391c2eebeab681df2b74bfe6c43422fffede8dc74187b2b0bf6fd7571/pydantic_core-2.33.2-cp313-cp313t-macosx_11_0_arm64.whl", hash = "sha256:61c18fba8e5e9db3ab908620af374db0ac1baa69f0f32df4f61ae23f15e586ac", size = 1806162, upload-time = "2025-04-23T18:32:20.188Z" },
    { url = "https://files.pythonhosted.org/packages/f1/3d/847b6b1fed9f8ed3bb95a9ad04fbd0b212e832d4f0f50ff4d9ee5a9f15cf/pydantic_core-2.33.2-cp313-cp313t-manylinux_2_17_x86_64.manylinux2014_x86_64.whl", hash = "sha256:95237e53bb015f67b63c91af7518a62a8660376a6a0db19b89acc77a4d6199f5", size = 1981560, upload-time = "2025-04-23T18:32:22.354Z" },
    { url = "https://files.pythonhosted.org/packages/6f/9a/e73262f6c6656262b5fdd723ad90f518f579b7bc8622e43a942eec53c938/pydantic_core-2.33.2-cp313-cp313t-win_amd64.whl", hash = "sha256:c2fc0a768ef76c15ab9238afa6da7f69895bb5d1ee83aeea2e3509af4472d0b9", size = 1935777, upload-time = "2025-04-23T18:32:25.088Z" },
]

[[package]]
name = "sniffio"
version = "1.3.1"
source = { registry = "https://pypi.org/simple" }
sdist = { url = "https://files.pythonhosted.org/packages/a2/87/a6771e1546d97e7e041b6ae58d80074f81b7d5121207425c964ddf5cfdbd/sniffio-1.3.1.tar.gz", hash = "sha256:f4324edc670a0f49750a81b895f35c3adb843cca46f0530f79fc1babb23789dc", size = 20372, upload-time = "2024-02-25T23:20:04.057Z" }
wheels = [
    { url = "https://files.pythonhosted.org/packages/e9/44/75a9c9421471a6c4805dbf2356f7c181a29c1879239abab1ea2cc8f38b40/sniffio-1.3.1-py3-none-any.whl", hash = "sha256:2f6da418d1f1e0fddd844478f41680e794e6051915791a034ff65e5f100525a2", size = 10235, upload-time = "2024-02-25T23:20:01.196Z" },
]

[[package]]
name = "tree-sitter"
version = "0.24.0"
source = { registry = "https://pypi.org/simple" }
sdist = { url = "https://files.pythonhosted.org/packages/a7/a2/698b9d31d08ad5558f8bfbfe3a0781bd4b1f284e89bde3ad18e05101a892/tree-sitter-0.24.0.tar.gz", hash = "sha256:abd95af65ca2f4f7eca356343391ed669e764f37748b5352946f00f7fc78e734", size = 168304, upload-time = "2025-01-17T05:06:38.115Z" }
wheels = [
    { url = "https://files.pythonhosted.org/packages/e9/57/3a590f287b5aa60c07d5545953912be3d252481bf5e178f750db75572bff/tree_sitter-0.24.0-cp312-cp312-macosx_10_13_x86_64.whl", hash = "sha256:14beeff5f11e223c37be7d5d119819880601a80d0399abe8c738ae2288804afc", size = 140788, upload-time = "2025-01-17T05:06:08.492Z" },
    { url = "https://files.pythonhosted.org/packages/61/0b/fc289e0cba7dbe77c6655a4dd949cd23c663fd62a8b4d8f02f97e28d7fe5/tree_sitter-0.24.0-cp312-cp312-macosx_11_0_arm64.whl", hash = "sha256:26a5b130f70d5925d67b47db314da209063664585a2fd36fa69e0717738efaf4", size = 133945, upload-time = "2025-01-17T05:06:12.39Z" },
    { url = "https://files.pythonhosted.org/packages/86/d7/80767238308a137e0b5b5c947aa243e3c1e3e430e6d0d5ae94b9a9ffd1a2/tree_sitter-0.24.0-cp312-cp312-manylinux_2_17_aarch64.manylinux2014_aarch64.whl", hash = "sha256:5fc5c3c26d83c9d0ecb4fc4304fba35f034b7761d35286b936c1db1217558b4e", size = 564819, upload-time = "2025-01-17T05:06:13.549Z" },
    { url = "https://files.pythonhosted.org/packages/bf/b3/6c5574f4b937b836601f5fb556b24804b0a6341f2eb42f40c0e6464339f4/tree_sitter-0.24.0-cp312-cp312-manylinux_2_17_x86_64.manylinux2014_x86_64.whl", hash = "sha256:772e1bd8c0931c866b848d0369b32218ac97c24b04790ec4b0e409901945dd8e", size = 579303, upload-time = "2025-01-17T05:06:16.685Z" },
    { url = "https://files.pythonhosted.org/packages/0a/f4/bd0ddf9abe242ea67cca18a64810f8af230fc1ea74b28bb702e838ccd874/tree_sitter-0.24.0-cp312-cp312-musllinux_1_2_x86_64.whl", hash = "sha256:24a8dd03b0d6b8812425f3b84d2f4763322684e38baf74e5bb766128b5633dc7", size = 581054, upload-time = "2025-01-17T05:06:19.439Z" },
    { url = "https://files.pythonhosted.org/packages/8c/1c/ff23fa4931b6ef1bbeac461b904ca7e49eaec7e7e5398584e3eef836ec96/tree_sitter-0.24.0-cp312-cp312-win_amd64.whl", hash = "sha256:f9e8b1605ab60ed43803100f067eed71b0b0e6c1fb9860a262727dbfbbb74751", size = 120221, upload-time = "2025-01-17T05:06:20.654Z" },
    { url = "https://files.pythonhosted.org/packages/b2/2a/9979c626f303177b7612a802237d0533155bf1e425ff6f73cc40f25453e2/tree_sitter-0.24.0-cp312-cp312-win_arm64.whl", hash = "sha256:f733a83d8355fc95561582b66bbea92ffd365c5d7a665bc9ebd25e049c2b2abb", size = 108234, upload-time = "2025-01-17T05:06:21.713Z" },
    { url = "https://files.pythonhosted.org/packages/61/cd/2348339c85803330ce38cee1c6cbbfa78a656b34ff58606ebaf5c9e83bd0/tree_sitter-0.24.0-cp313-cp313-macosx_10_13_x86_64.whl", hash = "sha256:0d4a6416ed421c4210f0ca405a4834d5ccfbb8ad6692d4d74f7773ef68f92071", size = 140781, upload-time = "2025-01-17T05:06:22.82Z" },
    { url = "https://files.pythonhosted.org/packages/8b/a3/1ea9d8b64e8dcfcc0051028a9c84a630301290995cd6e947bf88267ef7b1/tree_sitter-0.24.0-cp313-cp313-macosx_11_0_arm64.whl", hash = "sha256:e0992d483677e71d5c5d37f30dfb2e3afec2f932a9c53eec4fca13869b788c6c", size = 133928, upload-time = "2025-01-17T05:06:25.146Z" },
    { url = "https://files.pythonhosted.org/packages/fe/ae/55c1055609c9428a4aedf4b164400ab9adb0b1bf1538b51f4b3748a6c983/tree_sitter-0.24.0-cp313-cp313-manylinux_2_17_aarch64.manylinux2014_aarch64.whl", hash = "sha256:57277a12fbcefb1c8b206186068d456c600dbfbc3fd6c76968ee22614c5cd5ad", size = 564497, upload-time = "2025-01-17T05:06:27.53Z" },
    { url = "https://files.pythonhosted.org/packages/ce/d0/f2ffcd04882c5aa28d205a787353130cbf84b2b8a977fd211bdc3b399ae3/tree_sitter-0.24.0-cp313-cp313-manylinux_2_17_x86_64.manylinux2014_x86_64.whl", hash = "sha256:d25fa22766d63f73716c6fec1a31ee5cf904aa429484256bd5fdf5259051ed74", size = 578917, upload-time = "2025-01-17T05:06:31.057Z" },
    { url = "https://files.pythonhosted.org/packages/af/82/aebe78ea23a2b3a79324993d4915f3093ad1af43d7c2208ee90be9273273/tree_sitter-0.24.0-cp313-cp313-musllinux_1_2_x86_64.whl", hash = "sha256:7d5d9537507e1c8c5fa9935b34f320bfec4114d675e028f3ad94f11cf9db37b9", size = 581148, upload-time = "2025-01-17T05:06:32.409Z" },
    { url = "https://files.pythonhosted.org/packages/a1/b4/6b0291a590c2b0417cfdb64ccb8ea242f270a46ed429c641fbc2bfab77e0/tree_sitter-0.24.0-cp313-cp313-win_amd64.whl", hash = "sha256:f58bb4956917715ec4d5a28681829a8dad5c342cafd4aea269f9132a83ca9b34", size = 120207, upload-time = "2025-01-17T05:06:34.841Z" },
    { url = "https://files.pythonhosted.org/packages/a8/18/542fd844b75272630229c9939b03f7db232c71a9d82aadc59c596319ea6a/tree_sitter-0.24.0-cp313-cp313-win_arm64.whl", hash = "sha256:23641bd25dcd4bb0b6fa91b8fb3f46cc9f1c9f475efe4d536d3f1f688d1b84c8", size = 108232, upload-time = "2025-01-17T05:06:35.831Z" },
]

[[package]]
name = "tree-sitter-c-sharp"
version = "0.23.1"
source = { registry = "https://pypi.org/simple" }
sdist = { url = "https://files.pythonhosted.org/packages/22/85/a61c782afbb706a47d990eaee6977e7c2bd013771c5bf5c81c617684f286/tree_sitter_c_sharp-0.23.1.tar.gz", hash = "sha256:322e2cfd3a547a840375276b2aea3335fa6458aeac082f6c60fec3f745c967eb", size = 1317728, upload-time = "2024-11-11T05:25:32.535Z" }
wheels = [
    { url = "https://files.pythonhosted.org/packages/58/04/f6c2df4c53a588ccd88d50851155945cff8cd887bd70c175e00aaade7edf/tree_sitter_c_sharp-0.23.1-cp39-abi3-macosx_10_9_x86_64.whl", hash = "sha256:2b612a6e5bd17bb7fa2aab4bb6fc1fba45c94f09cb034ab332e45603b86e32fd", size = 372235, upload-time = "2024-11-11T05:25:19.424Z" },
    { url = "https://files.pythonhosted.org/packages/99/10/1aa9486f1e28fc22810fa92cbdc54e1051e7f5536a5e5b5e9695f609b31e/tree_sitter_c_sharp-0.23.1-cp39-abi3-macosx_11_0_arm64.whl", hash = "sha256:1a8b98f62bc53efcd4d971151950c9b9cd5cbe3bacdb0cd69fdccac63350d83e", size = 419046, upload-time = "2024-11-11T05:25:20.679Z" },
    { url = "https://files.pythonhosted.org/packages/0f/21/13df29f8fcb9ba9f209b7b413a4764b673dfd58989a0dd67e9c7e19e9c2e/tree_sitter_c_sharp-0.23.1-cp39-abi3-manylinux_2_17_aarch64.manylinux2014_aarch64.whl", hash = "sha256:986e93d845a438ec3c4416401aa98e6a6f6631d644bbbc2e43fcb915c51d255d", size = 415999, upload-time = "2024-11-11T05:25:22.359Z" },
    { url = "https://files.pythonhosted.org/packages/ca/72/fc6846795bcdae2f8aa94cc8b1d1af33d634e08be63e294ff0d6794b1efc/tree_sitter_c_sharp-0.23.1-cp39-abi3-manylinux_2_5_x86_64.manylinux1_x86_64.manylinux_2_17_x86_64.manylinux2014_x86_64.whl", hash = "sha256:a8024e466b2f5611c6dc90321f232d8584893c7fb88b75e4a831992f877616d2", size = 402830, upload-time = "2024-11-11T05:25:24.198Z" },
    { url = "https://files.pythonhosted.org/packages/fe/3a/b6028c5890ce6653807d5fa88c72232c027c6ceb480dbeb3b186d60e5971/tree_sitter_c_sharp-0.23.1-cp39-abi3-musllinux_1_2_x86_64.whl", hash = "sha256:7f9bf876866835492281d336b9e1f9626ab668737f74e914c31d285261507da7", size = 397880, upload-time = "2024-11-11T05:25:25.937Z" },
    { url = "https://files.pythonhosted.org/packages/47/d2/4facaa34b40f8104d8751746d0e1cd2ddf0beb9f1404b736b97f372bd1f3/tree_sitter_c_sharp-0.23.1-cp39-abi3-win_amd64.whl", hash = "sha256:ae9a9e859e8f44e2b07578d44f9a220d3fa25b688966708af6aa55d42abeebb3", size = 377562, upload-time = "2024-11-11T05:25:27.539Z" },
    { url = "https://files.pythonhosted.org/packages/d8/88/3cf6bd9959d94d1fec1e6a9c530c5f08ff4115a474f62aedb5fedb0f7241/tree_sitter_c_sharp-0.23.1-cp39-abi3-win_arm64.whl", hash = "sha256:c81548347a93347be4f48cb63ec7d60ef4b0efa91313330e69641e49aa5a08c5", size = 375157, upload-time = "2024-11-11T05:25:30.839Z" },
]

[[package]]
name = "tree-sitter-embedded-template"
version = "0.23.2"
source = { registry = "https://pypi.org/simple" }
sdist = { url = "https://files.pythonhosted.org/packages/28/d6/5a58ea2f0480f5ed188b733114a8c275532a2fd1568b3898793b13d28af5/tree_sitter_embedded_template-0.23.2.tar.gz", hash = "sha256:7b24dcf2e92497f54323e617564d36866230a8bfb719dbb7b45b461510dcddaa", size = 8471, upload-time = "2024-11-11T06:54:05.5Z" }
wheels = [
    { url = "https://files.pythonhosted.org/packages/ef/c1/be0c48ed9609b720e74ade86f24ea086e353fe9c7405ee9630c3d52d09a2/tree_sitter_embedded_template-0.23.2-cp39-abi3-macosx_10_9_x86_64.whl", hash = "sha256:a505c2d2494464029d79db541cab52f6da5fb326bf3d355e69bf98b84eb89ae0", size = 9554, upload-time = "2024-11-11T06:53:58Z" },
    { url = "https://files.pythonhosted.org/packages/6d/a5/7c12f5d302525ee36d1eafc28a68e4454da5bad208436d547326bee4ed76/tree_sitter_embedded_template-0.23.2-cp39-abi3-macosx_11_0_arm64.whl", hash = "sha256:28028b93b42cc3753261ae7ce066675d407f59de512417524f9c3ab7792b1d37", size = 10051, upload-time = "2024-11-11T06:53:59.346Z" },
    { url = "https://files.pythonhosted.org/packages/cd/87/95aaba8b64b849200bd7d4ae510cc394ecaef46a031499cbff301766970d/tree_sitter_embedded_template-0.23.2-cp39-abi3-manylinux_2_17_aarch64.manylinux2014_aarch64.whl", hash = "sha256:ec399d59ce93ffb60759a2d96053eed529f3c3f6a27128f261710d0d0de60e10", size = 17532, upload-time = "2024-11-11T06:54:00.053Z" },
    { url = "https://files.pythonhosted.org/packages/13/f8/8c837b898f00b35f9f3f76a4abc525e80866a69343083c9ff329e17ecb03/tree_sitter_embedded_template-0.23.2-cp39-abi3-manylinux_2_5_x86_64.manylinux1_x86_64.manylinux_2_17_x86_64.manylinux2014_x86_64.whl", hash = "sha256:bcfa01f62b88d50dbcb736cc23baec8ddbfe08daacfdc613eee8c04ab65efd09", size = 17394, upload-time = "2024-11-11T06:54:00.841Z" },
    { url = "https://files.pythonhosted.org/packages/89/9b/893adf9e465d2d7f14870871bf2f3b30045e5ac417cb596f667a72eda493/tree_sitter_embedded_template-0.23.2-cp39-abi3-musllinux_1_2_x86_64.whl", hash = "sha256:6debd24791466f887109a433c31aa4a5deeba2b217817521c745a4e748a944ed", size = 16439, upload-time = "2024-11-11T06:54:02.214Z" },
    { url = "https://files.pythonhosted.org/packages/40/96/e79934572723673db9f867000500c6eea61a37705e02c7aee9ee031bbb6f/tree_sitter_embedded_template-0.23.2-cp39-abi3-win_amd64.whl", hash = "sha256:158fecb38be5b15db0190ef7238e5248f24bf32ae3cab93bc1197e293a5641eb", size = 12572, upload-time = "2024-11-11T06:54:03.481Z" },
    { url = "https://files.pythonhosted.org/packages/63/06/27f678b9874e4e2e39ddc6f5cce3374c8c60e6046ea8588a491ab6fc9fcb/tree_sitter_embedded_template-0.23.2-cp39-abi3-win_arm64.whl", hash = "sha256:9f1f3b79fe273f3d15a5b64c85fc6ebfb48decfbe8542accd05f5b7694860df0", size = 11232, upload-time = "2024-11-11T06:54:04.799Z" },
]

[[package]]
name = "tree-sitter-language-pack"
version = "0.7.3"
source = { registry = "https://pypi.org/simple" }
dependencies = [
    { name = "tree-sitter" },
    { name = "tree-sitter-c-sharp" },
    { name = "tree-sitter-embedded-template" },
    { name = "tree-sitter-yaml" },
]
sdist = { url = "https://files.pythonhosted.org/packages/cd/ce/bc64ed55b2b8ffd4f599108be44f3fb9da8c00767502701a067be7b62c89/tree_sitter_language_pack-0.7.3.tar.gz", hash = "sha256:49139cb607d81352d33ad18e57520fc1057a009955c9ccced56607cc18e6a3fd", size = 59296297, upload-time = "2025-05-07T07:49:44.259Z" }
wheels = [
    { url = "https://files.pythonhosted.org/packages/2d/2c/07e297ddf680e8220f4c12d220762176a5837ba8d7835712051f8344e7a5/tree_sitter_language_pack-0.7.3-cp39-abi3-macosx_10_13_universal2.whl", hash = "sha256:6c4e1a48b83d8bab8d54f1d8012ae7d5a816b3972359e3fb4fe19477a6b18658", size = 28163123, upload-time = "2025-05-07T07:49:30.028Z" },
    { url = "https://files.pythonhosted.org/packages/1f/88/8761fecb761eb7b7acd6b9dc8e987813f9b58195895c437c3a7a416813da/tree_sitter_language_pack-0.7.3-cp39-abi3-manylinux2014_aarch64.whl", hash = "sha256:0be05f63cd1da06bd277570bbb6cd37c9652ddd1d2ee63ff71da20a66ce36cd8", size = 17593772, upload-time = "2025-05-07T07:49:33.287Z" },
    { url = "https://files.pythonhosted.org/packages/23/15/22f731997285a7e0d68934881ffc374f2575a9e3f800af9b86af44d928a0/tree_sitter_language_pack-0.7.3-cp39-abi3-manylinux2014_x86_64.whl", hash = "sha256:fd6481b0501ae3a957f673d235bdd68bc7095899f3d58882be7e31fa8e06bd66", size = 17449045, upload-time = "2025-05-07T07:49:36.053Z" },
    { url = "https://files.pythonhosted.org/packages/c7/a0/82ee17141c5d4b4b99445ba442f397f3e783b6dc2b48fa49570f89397cdf/tree_sitter_language_pack-0.7.3-cp39-abi3-win_amd64.whl", hash = "sha256:5c0078532d839d45af0477b1b2e5b1a168e88ca3544e94b27dcba6ddbadb6511", size = 14331659, upload-time = "2025-05-07T07:49:39.957Z" },
]

[[package]]
name = "tree-sitter-yaml"
version = "0.7.0"
source = { registry = "https://pypi.org/simple" }
sdist = { url = "https://files.pythonhosted.org/packages/93/04/6de8be8112c50450cab753fcd6b74d8368c60f6099bf551cee0bec69563a/tree_sitter_yaml-0.7.0.tar.gz", hash = "sha256:9c8bb17d9755c3b0e757260917240c0d19883cd3b59a5d74f205baa8bf8435a4", size = 85085, upload-time = "2024-12-04T05:43:13.718Z" }
wheels = [
    { url = "https://files.pythonhosted.org/packages/69/1d/243dbdf59fae8a4109e19f0994e2627ddedb2e16b7cf99bd42be64367742/tree_sitter_yaml-0.7.0-cp39-abi3-macosx_10_9_x86_64.whl", hash = "sha256:e21553ac190ae05bf82796df8beb4d9158ba195b5846018cb36fbc3a35bd0679", size = 43335, upload-time = "2024-12-04T05:43:02.716Z" },
    { url = "https://files.pythonhosted.org/packages/e2/63/e5d5868a1498e20fd07e7db62933766fd64950279862e3e7f150b88ec69d/tree_sitter_yaml-0.7.0-cp39-abi3-macosx_11_0_arm64.whl", hash = "sha256:c022054f1f9b54201082ea83073a6c24c42d0436ad8ee99ff2574cba8f928c28", size = 44574, upload-time = "2024-12-04T05:43:04.304Z" },
    { url = "https://files.pythonhosted.org/packages/f5/ba/9cff9a3fddb1b6b38bc71ce1dfdb8892ab15a4042c104f4582e30318b412/tree_sitter_yaml-0.7.0-cp39-abi3-manylinux_2_17_aarch64.manylinux2014_aarch64.whl", hash = "sha256:1cd1725142f19e41c51d27c99cfc60780f596e069eb181cfa6433d993a19aa3d", size = 93088, upload-time = "2024-12-04T05:43:05.879Z" },
    { url = "https://files.pythonhosted.org/packages/19/09/39d29d9a22cee0b3c3e4f3fdbd23e4534b9c2a84b5f962f369eafcfbf88c/tree_sitter_yaml-0.7.0-cp39-abi3-manylinux_2_5_x86_64.manylinux1_x86_64.manylinux_2_17_x86_64.manylinux2014_x86_64.whl", hash = "sha256:9d1b268378254f75bb27396d83c96d886ccbfcda6bd8c2778e94e3e1d2459085", size = 91367, upload-time = "2024-12-04T05:43:07.466Z" },
    { url = "https://files.pythonhosted.org/packages/b0/b7/285653b894b351436917b5fe5e738eecaeb2128b4e4bf72bfe0c6043f62e/tree_sitter_yaml-0.7.0-cp39-abi3-musllinux_1_2_x86_64.whl", hash = "sha256:27c2e7f4f49ddf410003abbb82a7b00ec77ea263d8ef08dbce1a15d293eed2fd", size = 87405, upload-time = "2024-12-04T05:43:09.604Z" },
    { url = "https://files.pythonhosted.org/packages/bb/73/0cdc82ea653c190475a4f63dd4a1f4efd5d1c7d09d2668b8d84008a4c4f8/tree_sitter_yaml-0.7.0-cp39-abi3-win_amd64.whl", hash = "sha256:98dce0d6bc376f842cfb1d3c32512eea95b37e61cd2c87074bb4b05c999917c8", size = 45360, upload-time = "2024-12-04T05:43:11.124Z" },
    { url = "https://files.pythonhosted.org/packages/2e/32/af2d676b0176a958f22a75b04be836e09476a10844baab78c018a5030297/tree_sitter_yaml-0.7.0-cp39-abi3-win_arm64.whl", hash = "sha256:f0f8d8e05fa8e70f08d0f18a209d6026e171844f4ea7090e7c779b9c375b3a31", size = 43650, upload-time = "2024-12-04T05:43:12.726Z" },
]

[[package]]
name = "typing-extensions"
version = "4.13.2"
source = { registry = "https://pypi.org/simple" }
sdist = { url = "https://files.pythonhosted.org/packages/f6/37/23083fcd6e35492953e8d2aaaa68b860eb422b34627b13f2ce3eb6106061/typing_extensions-4.13.2.tar.gz", hash = "sha256:e6c81219bd689f51865d9e372991c540bda33a0379d5573cddb9a3a23f7caaef", size = 106967, upload-time = "2025-04-10T14:19:05.416Z" }
wheels = [
    { url = "https://files.pythonhosted.org/packages/8b/54/b1ae86c0973cc6f0210b53d508ca3641fb6d0c56823f288d108bc7ab3cc8/typing_extensions-4.13.2-py3-none-any.whl", hash = "sha256:a439e7c04b49fec3e5d3e2beaa21755cadbbdc391694e28ccdd36ca4a1408f8c", size = 45806, upload-time = "2025-04-10T14:19:03.967Z" },
]

[[package]]
name = "typing-inspection"
version = "0.4.0"
source = { registry = "https://pypi.org/simple" }
dependencies = [
    { name = "typing-extensions" },
]
sdist = { url = "https://files.pythonhosted.org/packages/82/5c/e6082df02e215b846b4b8c0b887a64d7d08ffaba30605502639d44c06b82/typing_inspection-0.4.0.tar.gz", hash = "sha256:9765c87de36671694a67904bf2c96e395be9c6439bb6c87b5142569dcdd65122", size = 76222, upload-time = "2025-02-25T17:27:59.638Z" }
wheels = [
    { url = "https://files.pythonhosted.org/packages/31/08/aa4fdfb71f7de5176385bd9e90852eaf6b5d622735020ad600f2bab54385/typing_inspection-0.4.0-py3-none-any.whl", hash = "sha256:50e72559fcd2a6367a19f7a7e610e6afcb9fac940c650290eed893d61386832f", size = 14125, upload-time = "2025-02-25T17:27:57.754Z" },
]
